
Microsoft Visual Studio Solution File, Format Version 12.00
# Visual Studio 15
VisualStudioVersion = 15.0.26124.0
MinimumVisualStudioVersion = 15.0.26124.0
Project("{2150E333-8FDC-42A3-9474-1A3956D46DE8}") = "src", "src", "{C596F868-8306-4DE4-BF41-096707E7D34C}"
EndProject
Project("{FAE04EC0-301F-11D3-BF4B-00C04F79EFBC}") = "Deps.Core", "src\Deps.Core\Deps.Core.csproj", "{D14C881C-A0B9-44DF-B7D0-B1FDC31F9100}"
EndProject
Project("{FAE04EC0-301F-11D3-BF4B-00C04F79EFBC}") = "Deps.CLI", "src\Deps.CLI\Deps.CLI.csproj", "{6EE374B6-EE4F-4F94-9D21-DB760C8C2DBE}"
EndProject
Project("{2150E333-8FDC-42A3-9474-1A3956D46DE8}") = "test", "test", "{0657FF76-8693-410C-9E38-8DA706CF53B9}"
EndProject
Project("{FAE04EC0-301F-11D3-BF4B-00C04F79EFBC}") = "Deps.Tests", "test\Deps.Tests\Deps.Tests.csproj", "{EB15EF46-71FF-4D23-AA68-28FF80572636}"
EndProject
Global
	GlobalSection(SolutionConfigurationPlatforms) = preSolution
		Debug|Any CPU = Debug|Any CPU
		Debug|x64 = Debug|x64
		Debug|x86 = Debug|x86
		Release|Any CPU = Release|Any CPU
		Release|x64 = Release|x64
		Release|x86 = Release|x86
	EndGlobalSection
	GlobalSection(SolutionProperties) = preSolution
		HideSolutionNode = FALSE
	EndGlobalSection
	GlobalSection(ProjectConfigurationPlatforms) = postSolution
		{D14C881C-A0B9-44DF-B7D0-B1FDC31F9100}.Debug|Any CPU.ActiveCfg = Debug|Any CPU
		{D14C881C-A0B9-44DF-B7D0-B1FDC31F9100}.Debug|Any CPU.Build.0 = Debug|Any CPU
		{D14C881C-A0B9-44DF-B7D0-B1FDC31F9100}.Debug|x64.ActiveCfg = Debug|Any CPU
		{D14C881C-A0B9-44DF-B7D0-B1FDC31F9100}.Debug|x64.Build.0 = Debug|Any CPU
		{D14C881C-A0B9-44DF-B7D0-B1FDC31F9100}.Debug|x86.ActiveCfg = Debug|Any CPU
		{D14C881C-A0B9-44DF-B7D0-B1FDC31F9100}.Debug|x86.Build.0 = Debug|Any CPU
		{D14C881C-A0B9-44DF-B7D0-B1FDC31F9100}.Release|Any CPU.ActiveCfg = Release|Any CPU
		{D14C881C-A0B9-44DF-B7D0-B1FDC31F9100}.Release|Any CPU.Build.0 = Release|Any CPU
		{D14C881C-A0B9-44DF-B7D0-B1FDC31F9100}.Release|x64.ActiveCfg = Release|Any CPU
		{D14C881C-A0B9-44DF-B7D0-B1FDC31F9100}.Release|x64.Build.0 = Release|Any CPU
		{D14C881C-A0B9-44DF-B7D0-B1FDC31F9100}.Release|x86.ActiveCfg = Release|Any CPU
		{D14C881C-A0B9-44DF-B7D0-B1FDC31F9100}.Release|x86.Build.0 = Release|Any CPU
		{6EE374B6-EE4F-4F94-9D21-DB760C8C2DBE}.Debug|Any CPU.ActiveCfg = Debug|Any CPU
		{6EE374B6-EE4F-4F94-9D21-DB760C8C2DBE}.Debug|Any CPU.Build.0 = Debug|Any CPU
		{6EE374B6-EE4F-4F94-9D21-DB760C8C2DBE}.Debug|x64.ActiveCfg = Debug|Any CPU
		{6EE374B6-EE4F-4F94-9D21-DB760C8C2DBE}.Debug|x64.Build.0 = Debug|Any CPU
		{6EE374B6-EE4F-4F94-9D21-DB760C8C2DBE}.Debug|x86.ActiveCfg = Debug|Any CPU
		{6EE374B6-EE4F-4F94-9D21-DB760C8C2DBE}.Debug|x86.Build.0 = Debug|Any CPU
		{6EE374B6-EE4F-4F94-9D21-DB760C8C2DBE}.Release|Any CPU.ActiveCfg = Release|Any CPU
		{6EE374B6-EE4F-4F94-9D21-DB760C8C2DBE}.Release|Any CPU.Build.0 = Release|Any CPU
		{6EE374B6-EE4F-4F94-9D21-DB760C8C2DBE}.Release|x64.ActiveCfg = Release|Any CPU
		{6EE374B6-EE4F-4F94-9D21-DB760C8C2DBE}.Release|x64.Build.0 = Release|Any CPU
		{6EE374B6-EE4F-4F94-9D21-DB760C8C2DBE}.Release|x86.ActiveCfg = Release|Any CPU
		{6EE374B6-EE4F-4F94-9D21-DB760C8C2DBE}.Release|x86.Build.0 = Release|Any CPU
		{EB15EF46-71FF-4D23-AA68-28FF80572636}.Debug|Any CPU.ActiveCfg = Debug|Any CPU
		{EB15EF46-71FF-4D23-AA68-28FF80572636}.Debug|Any CPU.Build.0 = Debug|Any CPU
		{EB15EF46-71FF-4D23-AA68-28FF80572636}.Debug|x64.ActiveCfg = Debug|Any CPU
		{EB15EF46-71FF-4D23-AA68-28FF80572636}.Debug|x64.Build.0 = Debug|Any CPU
		{EB15EF46-71FF-4D23-AA68-28FF80572636}.Debug|x86.ActiveCfg = Debug|Any CPU
		{EB15EF46-71FF-4D23-AA68-28FF80572636}.Debug|x86.Build.0 = Debug|Any CPU
		{EB15EF46-71FF-4D23-AA68-28FF80572636}.Release|Any CPU.ActiveCfg = Release|Any CPU
		{EB15EF46-71FF-4D23-AA68-28FF80572636}.Release|Any CPU.Build.0 = Release|Any CPU
		{EB15EF46-71FF-4D23-AA68-28FF80572636}.Release|x64.ActiveCfg = Release|Any CPU
		{EB15EF46-71FF-4D23-AA68-28FF80572636}.Release|x64.Build.0 = Release|Any CPU
		{EB15EF46-71FF-4D23-AA68-28FF80572636}.Release|x86.ActiveCfg = Release|Any CPU
		{EB15EF46-71FF-4D23-AA68-28FF80572636}.Release|x86.Build.0 = Release|Any CPU
	EndGlobalSection
	GlobalSection(NestedProjects) = preSolution
		{D14C881C-A0B9-44DF-B7D0-B1FDC31F9100} = {C596F868-8306-4DE4-BF41-096707E7D34C}
		{6EE374B6-EE4F-4F94-9D21-DB760C8C2DBE} = {C596F868-8306-4DE4-BF41-096707E7D34C}
		{EB15EF46-71FF-4D23-AA68-28FF80572636} = {0657FF76-8693-410C-9E38-8DA706CF53B9}
	EndGlobalSection
EndGlobal
